{
  "name": "f4ah6o-calver-oracle",
  "lockfileVersion": 3,
  "requires": true,
  "packages": {
    "": {
      "name": "f4ah6o-calver-oracle",
      "devDependencies": {
        "calver": "^7.6.0"
      }
    },
    "node_modules/calver": {
      "version": "7.7.3",
      "resolved": "https://registry.npmjs.org/calver/-/calver-7.7.3.tgz",
      "integrity": "sha512-SdsKMrI9TdgjdweUSR9MweHA4EJ8YxHn8DFaDisvhVlUOe4BF1tLD7GAj0lIqWVl+dPb/rExr0Btby5loQm20Q==",
      "dev": true,
      "license": "ISC",
      "bin": {
        "calver": "bin/calver.js"
      },
      "engines": {
        "node": ">=10"
      }
    }
  }
}
